{
	"user_version": "0.0",
	"product": {
		"name": "logie",
		"version": "0.2.7",
		"resolved": {
			"docs": "0.0.1",
			"docs_ver": "0.0.1",
			"scripts": "0.2.0",
			"logie": "0.1.1",
			".spec_grp": "0.1.0",
			".integrity_grp": "0.0.1"
		},
		"hash": "",
		"hash_schema_version": "v2",
		"exclude": [
			"*.tmp",
			"*-info",
			".gitkeep"
		]
	},
	"component": [
		{
			"name": "docs",
			"version": "0.0.1",
			"requires": {},
			"type": "Document",
			"build": true,
			"mode": "dir",
			"form_c_path": "{product_path}/{name}",
			"path": "/home/kimyh/library/logie/docs",
			"include": [
				"*"
			],
			"bundle": [],
			"exclude": [],
			"untracked": []
		},
		{
			"name": "docs_ver",
			"version": "0.0.1",
			"requires": {},
			"type": "Document",
			"build": false,
			"mode": "dir",
			"form_c_path": "{product_path}/{name}",
			"path": "/home/kimyh/library/logie/docs_ver",
			"include": [
				"*"
			],
			"bundle": [],
			"exclude": [],
			"untracked": [
				"*.md"
			]
		},
		{
			"name": "scripts",
			"version": "0.2.0",
			"requires": {},
			"type": "Tool",
			"build": false,
			"mode": "dir",
			"form_c_path": "{product_path}/{name}",
			"path": "/home/kimyh/library/logie/scripts",
			"include": [
				"*"
			],
			"bundle": [],
			"exclude": [],
			"untracked": []
		},
		{
			"name": "logie",
			"version": "0.1.1",
			"requires": {},
			"type": "Module",
			"build": true,
			"mode": "dir",
			"form_c_path": "{product_path}/src/{name}",
			"path": "/home/kimyh/library/logie/src/logie",
			"include": [
				"*"
			],
			"bundle": [],
			"exclude": [],
			"untracked": []
		},
		{
			"name": ".spec_grp",
			"version": "0.1.0",
			"requires": {},
			"type": "Manifest",
			"build": true,
			"mode": "file_group",
			"form_c_path": "{product_path}/{name}",
			"path": "/home/kimyh/library/logie",
			"include": [
				".cruft.json",
				"manifest.json",
				"pyproject.toml",
				"README.md"
			],
			"bundle": [],
			"exclude": [],
			"untracked": [
				"pyproject.toml",
				"README.md"
			]
		},
		{
			"name": ".integrity_grp",
			"version": "0.0.1",
			"requires": {},
			"type": "Manifest",
			"build": true,
			"mode": "file_group",
			"form_c_path": "{product_path}/{name}",
			"path": "/home/kimyh/library/logie",
			"include": [
				".hash_cache.json",
				"product.lock",
				"requirements.txt"
			],
			"bundle": [],
			"exclude": [],
			"untracked": [
				".hash_cache.json",
				"product.lock"
			]
		}
	],
	"build": {
		"version": "0.2.3",
		"match": "0.2.6"
	}
}